{
  "name": "@lukekaalim/lsp-node",
  "version": "0.1.0",
  "lockfileVersion": 1,
  "requires": true,
  "dependencies": {
    "@lukekaalim/test": {
      "version": "8.0.2",
      "resolved": "https://registry.npmjs.org/@lukekaalim/test/-/test-8.0.2.tgz",
      "integrity": "sha512-/1MbVJTVHTKlJkfegkDC07hFftZ8Cimuz1jJm8S+zteuOGU5PGuuz7FxxAH5Byg+6hXIHogIti+o+xYua0Fg0Q=="
    },
    "uuid": {
      "version": "7.0.3",
      "resolved": "https://registry.npmjs.org/uuid/-/uuid-7.0.3.tgz",
      "integrity": "sha512-DPSke0pXhTZgoF/d+WSt2QaKMCFSfx7QegxEWT+JOuHF5aWrKEn0G+ztjuJg/gG8/ItK+rbPCD/yNv8yyih6Cg=="
    }
  }
}
